
Microsoft Visual Studio Solution File, Format Version 12.00
# Visual Studio 14
VisualStudioVersion = 14.0.25420.1
MinimumVisualStudioVersion = 10.0.40219.1
Project("{2150E333-8FDC-42A3-9474-1A3956D46DE8}") = "src", "src", "{F595D060-CD5B-4075-9A33-B30DE54D359F}"
EndProject
Project("{2150E333-8FDC-42A3-9474-1A3956D46DE8}") = "Solution Items", "Solution Items", "{594C910E-C28C-482D-9123-B10E26C70493}"
	ProjectSection(SolutionItems) = preProject
		global.json = global.json
	EndProjectSection
EndProject
Project("{8BB2217D-0F2D-49D1-97BC-3654ED321F3B}") = "ContosoUniversity", "src\ContosoUniversity\ContosoUniversity.xproj", "{FBC97043-3750-4DAA-BF96-5761A9C98F8E}"
EndProject
Global
	GlobalSection(SolutionConfigurationPlatforms) = preSolution
		Debug|Any CPU = Debug|Any CPU
		Release|Any CPU = Release|Any CPU
	EndGlobalSection
	GlobalSection(ProjectConfigurationPlatforms) = postSolution
		{FBC97043-3750-4DAA-BF96-5761A9C98F8E}.Debug|Any CPU.ActiveCfg = Debug|Any CPU
		{FBC97043-3750-4DAA-BF96-5761A9C98F8E}.Debug|Any CPU.Build.0 = Debug|Any CPU
		{FBC97043-3750-4DAA-BF96-5761A9C98F8E}.Release|Any CPU.ActiveCfg = Release|Any CPU
		{FBC97043-3750-4DAA-BF96-5761A9C98F8E}.Release|Any CPU.Build.0 = Release|Any CPU
	EndGlobalSection
	GlobalSection(SolutionProperties) = preSolution
		HideSolutionNode = FALSE
	EndGlobalSection
	GlobalSection(NestedProjects) = preSolution
		{FBC97043-3750-4DAA-BF96-5761A9C98F8E} = {F595D060-CD5B-4075-9A33-B30DE54D359F}
	EndGlobalSection
EndGlobal
